
Microsoft Visual Studio Solution File, Format Version 12.00
# Visual Studio Version 17
VisualStudioVersion = 17.2.32616.157
MinimumVisualStudioVersion = 10.0.40219.1
Project("{9A19103F-16F7-4668-BE54-9A1E7A4F7556}") = "IsEven", "src\IsEven\IsEven.csproj", "{811D7EF7-EFC4-4868-8F06-80D54DD336B2}"
EndProject
Project("{9A19103F-16F7-4668-BE54-9A1E7A4F7556}") = "IsEven.Tests", "src\IsEven.Tests\IsEven.Tests.csproj", "{9802D370-F5BE-4480-8583-EC59F1F88009}"
EndProject
Global
	GlobalSection(SolutionConfigurationPlatforms) = preSolution
		Debug|Any CPU = Debug|Any CPU
		Release|Any CPU = Release|Any CPU
	EndGlobalSection
	GlobalSection(ProjectConfigurationPlatforms) = postSolution
		{811D7EF7-EFC4-4868-8F06-80D54DD336B2}.Debug|Any CPU.ActiveCfg = Debug|Any CPU
		{811D7EF7-EFC4-4868-8F06-80D54DD336B2}.Debug|Any CPU.Build.0 = Debug|Any CPU
		{811D7EF7-EFC4-4868-8F06-80D54DD336B2}.Release|Any CPU.ActiveCfg = Release|Any CPU
		{811D7EF7-EFC4-4868-8F06-80D54DD336B2}.Release|Any CPU.Build.0 = Release|Any CPU
		{9802D370-F5BE-4480-8583-EC59F1F88009}.Debug|Any CPU.ActiveCfg = Debug|Any CPU
		{9802D370-F5BE-4480-8583-EC59F1F88009}.Debug|Any CPU.Build.0 = Debug|Any CPU
		{9802D370-F5BE-4480-8583-EC59F1F88009}.Release|Any CPU.ActiveCfg = Release|Any CPU
		{9802D370-F5BE-4480-8583-EC59F1F88009}.Release|Any CPU.Build.0 = Release|Any CPU
	EndGlobalSection
	GlobalSection(SolutionProperties) = preSolution
		HideSolutionNode = FALSE
	EndGlobalSection
	GlobalSection(ExtensibilityGlobals) = postSolution
		SolutionGuid = {578C603A-3B78-4FC9-AF9D-61302F611D52}
	EndGlobalSection
EndGlobal
